dependencies:
  espressif/esp_tinyusb:
    component_hash: 4878831be091116ec8d0e5eaedcae54a5e9866ebf15a44ef101886fd42c0b91f
    dependencies:
    - name: idf
      require: private
      version: '>=5.0'
    - name: espressif/tinyusb
      registry_url: https://components.espressif.com
      require: public
      version: '>=0.14.2'
    source:
      registry_url: https://components.espressif.com/
      type: service
    version: 1.5.0
  espressif/tinyusb:
    component_hash: 7f73a4159dc95325ceaa4ade5e88734c4e1f5124746a3765cf61dc6157d78798
    dependencies:
    - name: idf
      require: private
      version: '>=5.0'
    source:
      registry_url: https://components.espressif.com
      type: service
    targets:
    - esp32s2
    - esp32s3
    - esp32p4
    version: 0.17.0~2
  idf:
    source:
      type: idf
    version: 5.5.0
direct_dependencies:
- espressif/esp_tinyusb
- idf
manifest_hash: e93cf219f1cc3c95db6c1af4b0dc6da6f6598ec9cdb039f1b8f5d35fd03f5bb2
target: esp32s3
version: 2.0.0
